
Microsoft Visual Studio Solution File, Format Version 12.00
# Visual Studio Version 16
VisualStudioVersion = 16.0.30611.23
MinimumVisualStudioVersion = 10.0.40219.1
Project("{FAE04EC0-301F-11D3-BF4B-00C04F79EFBC}") = "Libraryapp", "Libraryapp\Libraryapp.csproj", "{1B0A74D4-8111-45E1-A5F9-69D444F1B477}"
EndProject
Global
	GlobalSection(SolutionConfigurationPlatforms) = preSolution
		Debug|Any CPU = Debug|Any CPU
		Release|Any CPU = Release|Any CPU
	EndGlobalSection
	GlobalSection(ProjectConfigurationPlatforms) = postSolution
		{1B0A74D4-8111-45E1-A5F9-69D444F1B477}.Debug|Any CPU.ActiveCfg = Debug|Any CPU
		{1B0A74D4-8111-45E1-A5F9-69D444F1B477}.Debug|Any CPU.Build.0 = Debug|Any CPU
		{1B0A74D4-8111-45E1-A5F9-69D444F1B477}.Release|Any CPU.ActiveCfg = Release|Any CPU
		{1B0A74D4-8111-45E1-A5F9-69D444F1B477}.Release|Any CPU.Build.0 = Release|Any CPU
	EndGlobalSection
	GlobalSection(SolutionProperties) = preSolution
		HideSolutionNode = FALSE
	EndGlobalSection
	GlobalSection(ExtensibilityGlobals) = postSolution
		SolutionGuid = {36926A07-89E7-4AA1-8C43-9843C4CC9C03}
	EndGlobalSection
EndGlobal
